
Microsoft Visual Studio Solution File, Format Version 12.00
# Visual Studio Version 17
VisualStudioVersion = 17.3.32922.545
MinimumVisualStudioVersion = 10.0.40219.1
Project("{FAE04EC0-301F-11D3-BF4B-00C04F79EFBC}") = "PBL3_Demo4", "PBL3_Demo4\PBL3_Demo4.csproj", "{788E2ED6-7D12-4F98-80E8-00E29E8CF751}"
EndProject
Global
	GlobalSection(SolutionConfigurationPlatforms) = preSolution
		Debug|Any CPU = Debug|Any CPU
		Release|Any CPU = Release|Any CPU
	EndGlobalSection
	GlobalSection(ProjectConfigurationPlatforms) = postSolution
		{788E2ED6-7D12-4F98-80E8-00E29E8CF751}.Debug|Any CPU.ActiveCfg = Debug|Any CPU
		{788E2ED6-7D12-4F98-80E8-00E29E8CF751}.Debug|Any CPU.Build.0 = Debug|Any CPU
		{788E2ED6-7D12-4F98-80E8-00E29E8CF751}.Release|Any CPU.ActiveCfg = Release|Any CPU
		{788E2ED6-7D12-4F98-80E8-00E29E8CF751}.Release|Any CPU.Build.0 = Release|Any CPU
	EndGlobalSection
	GlobalSection(SolutionProperties) = preSolution
		HideSolutionNode = FALSE
	EndGlobalSection
	GlobalSection(ExtensibilityGlobals) = postSolution
		SolutionGuid = {783A8F86-D6C0-4B14-8AB2-92803C48C7E1}
	EndGlobalSection
EndGlobal
